
Microsoft Visual Studio Solution File, Format Version 12.00
# Visual Studio Version 16
VisualStudioVersion = 16.0.30413.136
MinimumVisualStudioVersion = 10.0.40219.1
Project("{FAE04EC0-301F-11D3-BF4B-00C04F79EFBC}") = "homework4_1", "homework4_1\homework4_1.csproj", "{68A48C43-CDB4-410D-BBDA-34CE99AC2ABC}"
EndProject
Project("{FAE04EC0-301F-11D3-BF4B-00C04F79EFBC}") = "homework4_3", "homework4_3\homework4_3.csproj", "{4D217119-3AC9-498C-A4A0-738AE040F58A}"
EndProject
Project("{FAE04EC0-301F-11D3-BF4B-00C04F79EFBC}") = "homework4_4", "homework4_4\homework4_4.csproj", "{80161815-488E-4A9A-9F42-E667FC8CAA5F}"
EndProject
Project("{FAE04EC0-301F-11D3-BF4B-00C04F79EFBC}") = "homework4_5", "homework4_5\homework4_5.csproj", "{9A868018-CCB1-4CB7-B9E2-659F75F420F3}"
EndProject
Global
	GlobalSection(SolutionConfigurationPlatforms) = preSolution
		Debug|Any CPU = Debug|Any CPU
		Release|Any CPU = Release|Any CPU
	EndGlobalSection
	GlobalSection(ProjectConfigurationPlatforms) = postSolution
		{68A48C43-CDB4-410D-BBDA-34CE99AC2ABC}.Debug|Any CPU.ActiveCfg = Debug|Any CPU
		{68A48C43-CDB4-410D-BBDA-34CE99AC2ABC}.Debug|Any CPU.Build.0 = Debug|Any CPU
		{68A48C43-CDB4-410D-BBDA-34CE99AC2ABC}.Release|Any CPU.ActiveCfg = Release|Any CPU
		{68A48C43-CDB4-410D-BBDA-34CE99AC2ABC}.Release|Any CPU.Build.0 = Release|Any CPU
		{4D217119-3AC9-498C-A4A0-738AE040F58A}.Debug|Any CPU.ActiveCfg = Debug|Any CPU
		{4D217119-3AC9-498C-A4A0-738AE040F58A}.Debug|Any CPU.Build.0 = Debug|Any CPU
		{4D217119-3AC9-498C-A4A0-738AE040F58A}.Release|Any CPU.ActiveCfg = Release|Any CPU
		{4D217119-3AC9-498C-A4A0-738AE040F58A}.Release|Any CPU.Build.0 = Release|Any CPU
		{80161815-488E-4A9A-9F42-E667FC8CAA5F}.Debug|Any CPU.ActiveCfg = Debug|Any CPU
		{80161815-488E-4A9A-9F42-E667FC8CAA5F}.Debug|Any CPU.Build.0 = Debug|Any CPU
		{80161815-488E-4A9A-9F42-E667FC8CAA5F}.Release|Any CPU.ActiveCfg = Release|Any CPU
		{80161815-488E-4A9A-9F42-E667FC8CAA5F}.Release|Any CPU.Build.0 = Release|Any CPU
		{9A868018-CCB1-4CB7-B9E2-659F75F420F3}.Debug|Any CPU.ActiveCfg = Debug|Any CPU
		{9A868018-CCB1-4CB7-B9E2-659F75F420F3}.Debug|Any CPU.Build.0 = Debug|Any CPU
		{9A868018-CCB1-4CB7-B9E2-659F75F420F3}.Release|Any CPU.ActiveCfg = Release|Any CPU
		{9A868018-CCB1-4CB7-B9E2-659F75F420F3}.Release|Any CPU.Build.0 = Release|Any CPU
	EndGlobalSection
	GlobalSection(SolutionProperties) = preSolution
		HideSolutionNode = FALSE
	EndGlobalSection
	GlobalSection(ExtensibilityGlobals) = postSolution
		SolutionGuid = {EBD41A6A-7194-4775-AE18-7F86F868A445}
	EndGlobalSection
EndGlobal
